// !$*UTF8*$!
{
	archiveVersion = 1;
	classes = {
	};
	objectVersion = 50;
	objects = {

/* Begin PBXBuildFile section */
		FE3E6878226E4C94008C8CE5 /* AppDelegate.swift in Sources */ = {isa = PBXBuildFile; fileRef = FE3E6877226E4C94008C8CE5 /* AppDelegate.swift */; };
		FE3E687A226E4C94008C8CE5 /* CalculatorViewController.swift in Sources */ = {isa = PBXBuildFile; fileRef = FE3E6879226E4C94008C8CE5 /* CalculatorViewController.swift */; };
		FE3E687F226E4C99008C8CE5 /* Assets.xcassets in Resources */ = {isa = PBXBuildFile; fileRef = FE3E687E226E4C99008C8CE5 /* Assets.xcassets */; };
		FE3E6882226E4C99008C8CE5 /* LaunchScreen.storyboard in Resources */ = {isa = PBXBuildFile; fileRef = FE3E6880226E4C99008C8CE5 /* LaunchScreen.storyboard */; };
		FE3E688C226E4D28008C8CE5 /* SpineViewController.swift in Sources */ = {isa = PBXBuildFile; fileRef = FE3E688B226E4D28008C8CE5 /* SpineViewController.swift */; };
		FE3E688E226E4D3C008C8CE5 /* SideCabinetViewController.swift in Sources */ = {isa = PBXBuildFile; fileRef = FE3E688D226E4D3C008C8CE5 /* SideCabinetViewController.swift */; };
		FE3E6894226E4E58008C8CE5 /* PlateCollectionTableViewCell.swift in Sources */ = {isa = PBXBuildFile; fileRef = FE3E6893226E4E58008C8CE5 /* PlateCollectionTableViewCell.swift */; };
		FE3E6896226E4E77008C8CE5 /* PlateAdditionSequenceTableViewCell.swift in Sources */ = {isa = PBXBuildFile; fileRef = FE3E6895226E4E77008C8CE5 /* PlateAdditionSequenceTableViewCell.swift */; };
		FE3E6898226E4E8D008C8CE5 /* PlateSumTableViewCell.swift in Sources */ = {isa = PBXBuildFile; fileRef = FE3E6897226E4E8D008C8CE5 /* PlateSumTableViewCell.swift */; };
		FE3E689A226E4ECB008C8CE5 /* Plate.swift in Sources */ = {isa = PBXBuildFile; fileRef = FE3E6899226E4ECB008C8CE5 /* Plate.swift */; };
		FE3E68A1226E4F23008C8CE5 /* UIView+Convenience.swift in Sources */ = {isa = PBXBuildFile; fileRef = FE3E689C226E4F23008C8CE5 /* UIView+Convenience.swift */; };
		FE3E68A2226E4F23008C8CE5 /* UIColor+Design.swift in Sources */ = {isa = PBXBuildFile; fileRef = FE3E689D226E4F23008C8CE5 /* UIColor+Design.swift */; };
		FE3E68A3226E4F23008C8CE5 /* UIViewController+Convenience.swift in Sources */ = {isa = PBXBuildFile; fileRef = FE3E689E226E4F23008C8CE5 /* UIViewController+Convenience.swift */; };
		FE3E68A4226E4F23008C8CE5 /* Utils.swift in Sources */ = {isa = PBXBuildFile; fileRef = FE3E689F226E4F23008C8CE5 /* Utils.swift */; };
		FE3E68A5226E4F23008C8CE5 /* UIFont+Design.swift in Sources */ = {isa = PBXBuildFile; fileRef = FE3E68A0226E4F23008C8CE5 /* UIFont+Design.swift */; };
		FE3E68A7226E5267008C8CE5 /* CalculatorTableDataSource.swift in Sources */ = {isa = PBXBuildFile; fileRef = FE3E68A6226E5267008C8CE5 /* CalculatorTableDataSource.swift */; };
		FE3E68A9226E53C2008C8CE5 /* CalculatorTableCell.swift in Sources */ = {isa = PBXBuildFile; fileRef = FE3E68A8226E53C2008C8CE5 /* CalculatorTableCell.swift */; };
		FE3E68AB226E542A008C8CE5 /* BaseViewController.swift in Sources */ = {isa = PBXBuildFile; fileRef = FE3E68AA226E542A008C8CE5 /* BaseViewController.swift */; };
		FE3E68AE226E5762008C8CE5 /* PlateView.swift in Sources */ = {isa = PBXBuildFile; fileRef = FE3E68AD226E5762008C8CE5 /* PlateView.swift */; };
		FE3E68B0226E6728008C8CE5 /* OptionsTableViewCell.swift in Sources */ = {isa = PBXBuildFile; fileRef = FE3E68AF226E6728008C8CE5 /* OptionsTableViewCell.swift */; };
/* End PBXBuildFile section */

/* Begin PBXFileReference section */
		FE3E6874226E4C94008C8CE5 /* Platt.app */ = {isa = PBXFileReference; explicitFileType = wrapper.application; includeInIndex = 0; path = Platt.app; sourceTree = BUILT_PRODUCTS_DIR; };
		FE3E6877226E4C94008C8CE5 /* AppDelegate.swift */ = {isa = PBXFileReference; lastKnownFileType = sourcecode.swift; path = AppDelegate.swift; sourceTree = "<group>"; };
		FE3E6879226E4C94008C8CE5 /* CalculatorViewController.swift */ = {isa = PBXFileReference; lastKnownFileType = sourcecode.swift; path = CalculatorViewController.swift; sourceTree = "<group>"; };
		FE3E687E226E4C99008C8CE5 /* Assets.xcassets */ = {isa = PBXFileReference; lastKnownFileType = folder.assetcatalog; path = Assets.xcassets; sourceTree = "<group>"; };
		FE3E6881226E4C99008C8CE5 /* Base */ = {isa = PBXFileReference; lastKnownFileType = file.storyboard; name = Base; path = Base.lproj/LaunchScreen.storyboard; sourceTree = "<group>"; };
		FE3E6883226E4C99008C8CE5 /* Info.plist */ = {isa = PBXFileReference; lastKnownFileType = text.plist.xml; path = Info.plist; sourceTree = "<group>"; };
		FE3E688B226E4D28008C8CE5 /* SpineViewController.swift */ = {isa = PBXFileReference; lastKnownFileType = sourcecode.swift; path = SpineViewController.swift; sourceTree = "<group>"; };
		FE3E688D226E4D3C008C8CE5 /* SideCabinetViewController.swift */ = {isa = PBXFileReference; lastKnownFileType = sourcecode.swift; path = SideCabinetViewController.swift; sourceTree = "<group>"; };
		FE3E6893226E4E58008C8CE5 /* PlateCollectionTableViewCell.swift */ = {isa = PBXFileReference; lastKnownFileType = sourcecode.swift; path = PlateCollectionTableViewCell.swift; sourceTree = "<group>"; };
		FE3E6895226E4E77008C8CE5 /* PlateAdditionSequenceTableViewCell.swift */ = {isa = PBXFileReference; lastKnownFileType = sourcecode.swift; path = PlateAdditionSequenceTableViewCell.swift; sourceTree = "<group>"; };
		FE3E6897226E4E8D008C8CE5 /* PlateSumTableViewCell.swift */ = {isa = PBXFileReference; lastKnownFileType = sourcecode.swift; path = PlateSumTableViewCell.swift; sourceTree = "<group>"; };
		FE3E6899226E4ECB008C8CE5 /* Plate.swift */ = {isa = PBXFileReference; lastKnownFileType = sourcecode.swift; path = Plate.swift; sourceTree = "<group>"; };
		FE3E689C226E4F23008C8CE5 /* UIView+Convenience.swift */ = {isa = PBXFileReference; fileEncoding = 4; lastKnownFileType = sourcecode.swift; path = "UIView+Convenience.swift"; sourceTree = "<group>"; };
		FE3E689D226E4F23008C8CE5 /* UIColor+Design.swift */ = {isa = PBXFileReference; fileEncoding = 4; lastKnownFileType = sourcecode.swift; path = "UIColor+Design.swift"; sourceTree = "<group>"; };
		FE3E689E226E4F23008C8CE5 /* UIViewController+Convenience.swift */ = {isa = PBXFileReference; fileEncoding = 4; lastKnownFileType = sourcecode.swift; path = "UIViewController+Convenience.swift"; sourceTree = "<group>"; };
		FE3E689F226E4F23008C8CE5 /* Utils.swift */ = {isa = PBXFileReference; fileEncoding = 4; lastKnownFileType = sourcecode.swift; path = Utils.swift; sourceTree = "<group>"; };
		FE3E68A0226E4F23008C8CE5 /* UIFont+Design.swift */ = {isa = PBXFileReference; fileEncoding = 4; lastKnownFileType = sourcecode.swift; path = "UIFont+Design.swift"; sourceTree = "<group>"; };
		FE3E68A6226E5267008C8CE5 /* CalculatorTableDataSource.swift */ = {isa = PBXFileReference; lastKnownFileType = sourcecode.swift; path = CalculatorTableDataSource.swift; sourceTree = "<group>"; };
		FE3E68A8226E53C2008C8CE5 /* CalculatorTableCell.swift */ = {isa = PBXFileReference; lastKnownFileType = sourcecode.swift; path = CalculatorTableCell.swift; sourceTree = "<group>"; };
		FE3E68AA226E542A008C8CE5 /* BaseViewController.swift */ = {isa = PBXFileReference; lastKnownFileType = sourcecode.swift; path = BaseViewController.swift; sourceTree = "<group>"; };
		FE3E68AD226E5762008C8CE5 /* PlateView.swift */ = {isa = PBXFileReference; lastKnownFileType = sourcecode.swift; path = PlateView.swift; sourceTree = "<group>"; };
		FE3E68AF226E6728008C8CE5 /* OptionsTableViewCell.swift */ = {isa = PBXFileReference; lastKnownFileType = sourcecode.swift; path = OptionsTableViewCell.swift; sourceTree = "<group>"; };
/* End PBXFileReference section */

/* Begin PBXFrameworksBuildPhase section */
		FE3E6871226E4C94008C8CE5 /* Frameworks */ = {
			isa = PBXFrameworksBuildPhase;
			buildActionMask = 2147483647;
			files = (
			);
			runOnlyForDeploymentPostprocessing = 0;
		};
/* End PBXFrameworksBuildPhase section */

/* Begin PBXGroup section */
		FE3E686B226E4C94008C8CE5 = {
			isa = PBXGroup;
			children = (
				FE3E6876226E4C94008C8CE5 /* Platt */,
				FE3E6875226E4C94008C8CE5 /* Products */,
			);
			sourceTree = "<group>";
		};
		FE3E6875226E4C94008C8CE5 /* Products */ = {
			isa = PBXGroup;
			children = (
				FE3E6874226E4C94008C8CE5 /* Platt.app */,
			);
			name = Products;
			sourceTree = "<group>";
		};
		FE3E6876226E4C94008C8CE5 /* Platt */ = {
			isa = PBXGroup;
			children = (
				FE3E689B226E4EEC008C8CE5 /* Extensions */,
				FE3E6890226E4D4F008C8CE5 /* Views */,
				FE3E688F226E4D46008C8CE5 /* Models */,
				FE3E6877226E4C94008C8CE5 /* AppDelegate.swift */,
				FE3E688A226E4CB1008C8CE5 /* Controllers */,
				FE3E6889226E4CA9008C8CE5 /* Supporting Files */,
				FE3E6883226E4C99008C8CE5 /* Info.plist */,
			);
			path = Platt;
			sourceTree = "<group>";
		};
		FE3E6889226E4CA9008C8CE5 /* Supporting Files */ = {
			isa = PBXGroup;
			children = (
				FE3E6880226E4C99008C8CE5 /* LaunchScreen.storyboard */,
				FE3E687E226E4C99008C8CE5 /* Assets.xcassets */,
			);
			path = "Supporting Files";
			sourceTree = "<group>";
		};
		FE3E688A226E4CB1008C8CE5 /* Controllers */ = {
			isa = PBXGroup;
			children = (
				FE3E6892226E4D80008C8CE5 /* CalculatorViewController */,
				FE3E688B226E4D28008C8CE5 /* SpineViewController.swift */,
				FE3E688D226E4D3C008C8CE5 /* SideCabinetViewController.swift */,
				FE3E68AC226E5431008C8CE5 /* BaseViewController */,
			);
			path = Controllers;
			sourceTree = "<group>";
		};
		FE3E688F226E4D46008C8CE5 /* Models */ = {
			isa = PBXGroup;
			children = (
				FE3E6899226E4ECB008C8CE5 /* Plate.swift */,
			);
			path = Models;
			sourceTree = "<group>";
		};
		FE3E6890226E4D4F008C8CE5 /* Views */ = {
			isa = PBXGroup;
			children = (
				FE3E6891226E4D69008C8CE5 /* Cells */,
				FE3E68AD226E5762008C8CE5 /* PlateView.swift */,
			);
			path = Views;
			sourceTree = "<group>";
		};
		FE3E6891226E4D69008C8CE5 /* Cells */ = {
			isa = PBXGroup;
			children = (
				FE3E6893226E4E58008C8CE5 /* PlateCollectionTableViewCell.swift */,
				FE3E6895226E4E77008C8CE5 /* PlateAdditionSequenceTableViewCell.swift */,
				FE3E6897226E4E8D008C8CE5 /* PlateSumTableViewCell.swift */,
				FE3E68AF226E6728008C8CE5 /* OptionsTableViewCell.swift */,
				FE3E68A8226E53C2008C8CE5 /* CalculatorTableCell.swift */,
			);
			path = Cells;
			sourceTree = "<group>";
		};
		FE3E6892226E4D80008C8CE5 /* CalculatorViewController */ = {
			isa = PBXGroup;
			children = (
				FE3E6879226E4C94008C8CE5 /* CalculatorViewController.swift */,
				FE3E68A6226E5267008C8CE5 /* CalculatorTableDataSource.swift */,
			);
			path = CalculatorViewController;
			sourceTree = "<group>";
		};
		FE3E689B226E4EEC008C8CE5 /* Extensions */ = {
			isa = PBXGroup;
			children = (
				FE3E689D226E4F23008C8CE5 /* UIColor+Design.swift */,
				FE3E68A0226E4F23008C8CE5 /* UIFont+Design.swift */,
				FE3E689C226E4F23008C8CE5 /* UIView+Convenience.swift */,
				FE3E689E226E4F23008C8CE5 /* UIViewController+Convenience.swift */,
				FE3E689F226E4F23008C8CE5 /* Utils.swift */,
			);
			path = Extensions;
			sourceTree = "<group>";
		};
		FE3E68AC226E5431008C8CE5 /* BaseViewController */ = {
			isa = PBXGroup;
			children = (
				FE3E68AA226E542A008C8CE5 /* BaseViewController.swift */,
			);
			path = BaseViewController;
			sourceTree = "<group>";
		};
/* End PBXGroup section */

/* Begin PBXNativeTarget section */
		FE3E6873226E4C94008C8CE5 /* Platt */ = {
			isa = PBXNativeTarget;
			buildConfigurationList = FE3E6886226E4C99008C8CE5 /* Build configuration list for PBXNativeTarget "Platt" */;
			buildPhases = (
				FE3E6870226E4C94008C8CE5 /* Sources */,
				FE3E6871226E4C94008C8CE5 /* Frameworks */,
				FE3E6872226E4C94008C8CE5 /* Resources */,
			);
			buildRules = (
			);
			dependencies = (
			);
			name = Platt;
			productName = Platt;
			productReference = FE3E6874226E4C94008C8CE5 /* Platt.app */;
			productType = "com.apple.product-type.application";
		};
/* End PBXNativeTarget section */

/* Begin PBXProject section */
		FE3E686C226E4C94008C8CE5 /* Project object */ = {
			isa = PBXProject;
			attributes = {
				LastSwiftUpdateCheck = 1020;
				LastUpgradeCheck = 1020;
				ORGANIZATIONNAME = "Designer Jeans";
				TargetAttributes = {
					FE3E6873226E4C94008C8CE5 = {
						CreatedOnToolsVersion = 10.2.1;
					};
				};
			};
			buildConfigurationList = FE3E686F226E4C94008C8CE5 /* Build configuration list for PBXProject "Platt" */;
			compatibilityVersion = "Xcode 9.3";
			developmentRegion = en;
			hasScannedForEncodings = 0;
			knownRegions = (
				en,
				Base,
			);
			mainGroup = FE3E686B226E4C94008C8CE5;
			productRefGroup = FE3E6875226E4C94008C8CE5 /* Products */;
			projectDirPath = "";
			projectRoot = "";
			targets = (
				FE3E6873226E4C94008C8CE5 /* Platt */,
			);
		};
/* End PBXProject section */

/* Begin PBXResourcesBuildPhase section */
		FE3E6872226E4C94008C8CE5 /* Resources */ = {
			isa = PBXResourcesBuildPhase;
			buildActionMask = 2147483647;
			files = (
				FE3E6882226E4C99008C8CE5 /* LaunchScreen.storyboard in Resources */,
				FE3E687F226E4C99008C8CE5 /* Assets.xcassets in Resources */,
			);
			runOnlyForDeploymentPostprocessing = 0;
		};
/* End PBXResourcesBuildPhase section */

/* Begin PBXSourcesBuildPhase section */
		FE3E6870226E4C94008C8CE5 /* Sources */ = {
			isa = PBXSourcesBuildPhase;
			buildActionMask = 2147483647;
			files = (
				FE3E68A9226E53C2008C8CE5 /* CalculatorTableCell.swift in Sources */,
				FE3E68AE226E5762008C8CE5 /* PlateView.swift in Sources */,
				FE3E688E226E4D3C008C8CE5 /* SideCabinetViewController.swift in Sources */,
				FE3E6898226E4E8D008C8CE5 /* PlateSumTableViewCell.swift in Sources */,
				FE3E6894226E4E58008C8CE5 /* PlateCollectionTableViewCell.swift in Sources */,
				FE3E68A2226E4F23008C8CE5 /* UIColor+Design.swift in Sources */,
				FE3E687A226E4C94008C8CE5 /* CalculatorViewController.swift in Sources */,
				FE3E68A5226E4F23008C8CE5 /* UIFont+Design.swift in Sources */,
				FE3E689A226E4ECB008C8CE5 /* Plate.swift in Sources */,
				FE3E68A1226E4F23008C8CE5 /* UIView+Convenience.swift in Sources */,
				FE3E6878226E4C94008C8CE5 /* AppDelegate.swift in Sources */,
				FE3E6896226E4E77008C8CE5 /* PlateAdditionSequenceTableViewCell.swift in Sources */,
				FE3E68A3226E4F23008C8CE5 /* UIViewController+Convenience.swift in Sources */,
				FE3E68A7226E5267008C8CE5 /* CalculatorTableDataSource.swift in Sources */,
				FE3E68B0226E6728008C8CE5 /* OptionsTableViewCell.swift in Sources */,
				FE3E68AB226E542A008C8CE5 /* BaseViewController.swift in Sources */,
				FE3E688C226E4D28008C8CE5 /* SpineViewController.swift in Sources */,
				FE3E68A4226E4F23008C8CE5 /* Utils.swift in Sources */,
			);
			runOnlyForDeploymentPostprocessing = 0;
		};
/* End PBXSourcesBuildPhase section */

/* Begin PBXVariantGroup section */
		FE3E6880226E4C99008C8CE5 /* LaunchScreen.storyboard */ = {
			isa = PBXVariantGroup;
			children = (
				FE3E6881226E4C99008C8CE5 /* Base */,
			);
			name = LaunchScreen.storyboard;
			sourceTree = "<group>";
		};
/* End PBXVariantGroup section */

/* Begin XCBuildConfiguration section */
		FE3E6884226E4C99008C8CE5 /* Debug */ = {
			isa = XCBuildConfiguration;
			buildSettings = {
				ALWAYS_SEARCH_USER_PATHS = NO;
				CLANG_ANALYZER_NONNULL = YES;
				CLANG_ANALYZER_NUMBER_OBJECT_CONVERSION = YES_AGGRESSIVE;
				CLANG_CXX_LANGUAGE_STANDARD = "gnu++14";
				CLANG_CXX_LIBRARY = "libc++";
				CLANG_ENABLE_MODULES = YES;
				CLANG_ENABLE_OBJC_ARC = YES;
				CLANG_ENABLE_OBJC_WEAK = YES;
				CLANG_WARN_BLOCK_CAPTURE_AUTORELEASING = YES;
				CLANG_WARN_BOOL_CONVERSION = YES;
				CLANG_WARN_COMMA = YES;
				CLANG_WARN_CONSTANT_CONVERSION = YES;
				CLANG_WARN_DEPRECATED_OBJC_IMPLEMENTATIONS = YES;
				CLANG_WARN_DIRECT_OBJC_ISA_USAGE = YES_ERROR;
				CLANG_WARN_DOCUMENTATION_COMMENTS = YES;
				CLANG_WARN_EMPTY_BODY = YES;
				CLANG_WARN_ENUM_CONVERSION = YES;
				CLANG_WARN_INFINITE_RECURSION = YES;
				CLANG_WARN_INT_CONVERSION = YES;
				CLANG_WARN_NON_LITERAL_NULL_CONVERSION = YES;
				CLANG_WARN_OBJC_IMPLICIT_RETAIN_SELF = YES;
				CLANG_WARN_OBJC_LITERAL_CONVERSION = YES;
				CLANG_WARN_OBJC_ROOT_CLASS = YES_ERROR;
				CLANG_WARN_RANGE_LOOP_ANALYSIS = YES;
				CLANG_WARN_STRICT_PROTOTYPES = YES;
				CLANG_WARN_SUSPICIOUS_MOVE = YES;
				CLANG_WARN_UNGUARDED_AVAILABILITY = YES_AGGRESSIVE;
				CLANG_WARN_UNREACHABLE_CODE = YES;
				CLANG_WARN__DUPLICATE_METHOD_MATCH = YES;
				CODE_SIGN_IDENTITY = "iPhone Developer";
				COPY_PHASE_STRIP = NO;
				DEBUG_INFORMATION_FORMAT = dwarf;
				ENABLE_STRICT_OBJC_MSGSEND = YES;
				ENABLE_TESTABILITY = YES;
				GCC_C_LANGUAGE_STANDARD = gnu11;
				GCC_DYNAMIC_NO_PIC = NO;
				GCC_NO_COMMON_BLOCKS = YES;
				GCC_OPTIMIZATION_LEVEL = 0;
				GCC_PREPROCESSOR_DEFINITIONS = (
					"DEBUG=1",
					"$(inherited)",
				);
				GCC_WARN_64_TO_32_BIT_CONVERSION = YES;
				GCC_WARN_ABOUT_RETURN_TYPE = YES_ERROR;
				GCC_WARN_UNDECLARED_SELECTOR = YES;
				GCC_WARN_UNINITIALIZED_AUTOS = YES_AGGRESSIVE;
				GCC_WARN_UNUSED_FUNCTION = YES;
				GCC_WARN_UNUSED_VARIABLE = YES;
				IPHONEOS_DEPLOYMENT_TARGET = 12.2;
				MTL_ENABLE_DEBUG_INFO = INCLUDE_SOURCE;
				MTL_FAST_MATH = YES;
				ONLY_ACTIVE_ARCH = YES;
				SDKROOT = iphoneos;
				SWIFT_ACTIVE_COMPILATION_CONDITIONS = DEBUG;
				SWIFT_OPTIMIZATION_LEVEL = "-Onone";
			};
			name = Debug;
		};
		FE3E6885226E4C99008C8CE5 /* Release */ = {
			isa = XCBuildConfiguration;
			buildSettings = {
				ALWAYS_SEARCH_USER_PATHS = NO;
				CLANG_ANALYZER_NONNULL = YES;
				CLANG_ANALYZER_NUMBER_OBJECT_CONVERSION = YES_AGGRESSIVE;
				CLANG_CXX_LANGUAGE_STANDARD = "gnu++14";
				CLANG_CXX_LIBRARY = "libc++";
				CLANG_ENABLE_MODULES = YES;
				CLANG_ENABLE_OBJC_ARC = YES;
				CLANG_ENABLE_OBJC_WEAK = YES;
				CLANG_WARN_BLOCK_CAPTURE_AUTORELEASING = YES;
				CLANG_WARN_BOOL_CONVERSION = YES;
				CLANG_WARN_COMMA = YES;
				CLANG_WARN_CONSTANT_CONVERSION = YES;
				CLANG_WARN_DEPRECATED_OBJC_IMPLEMENTATIONS = YES;
				CLANG_WARN_DIRECT_OBJC_ISA_USAGE = YES_ERROR;
				CLANG_WARN_DOCUMENTATION_COMMENTS = YES;
				CLANG_WARN_EMPTY_BODY = YES;
				CLANG_WARN_ENUM_CONVERSION = YES;
				CLANG_WARN_INFINITE_RECURSION = YES;
				CLANG_WARN_INT_CONVERSION = YES;
				CLANG_WARN_NON_LITERAL_NULL_CONVERSION = YES;
				CLANG_WARN_OBJC_IMPLICIT_RETAIN_SELF = YES;
				CLANG_WARN_OBJC_LITERAL_CONVERSION = YES;
				CLANG_WARN_OBJC_ROOT_CLASS = YES_ERROR;
				CLANG_WARN_RANGE_LOOP_ANALYSIS = YES;
				CLANG_WARN_STRICT_PROTOTYPES = YES;
				CLANG_WARN_SUSPICIOUS_MOVE = YES;
				CLANG_WARN_UNGUARDED_AVAILABILITY = YES_AGGRESSIVE;
				CLANG_WARN_UNREACHABLE_CODE = YES;
				CLANG_WARN__DUPLICATE_METHOD_MATCH = YES;
				CODE_SIGN_IDENTITY = "iPhone Developer";
				COPY_PHASE_STRIP = NO;
				DEBUG_INFORMATION_FORMAT = "dwarf-with-dsym";
				ENABLE_NS_ASSERTIONS = NO;
				ENABLE_STRICT_OBJC_MSGSEND = YES;
				GCC_C_LANGUAGE_STANDARD = gnu11;
				GCC_NO_COMMON_BLOCKS = YES;
				GCC_WARN_64_TO_32_BIT_CONVERSION = YES;
				GCC_WARN_ABOUT_RETURN_TYPE = YES_ERROR;
				GCC_WARN_UNDECLARED_SELECTOR = YES;
				GCC_WARN_UNINITIALIZED_AUTOS = YES_AGGRESSIVE;
				GCC_WARN_UNUSED_FUNCTION = YES;
				GCC_WARN_UNUSED_VARIABLE = YES;
				IPHONEOS_DEPLOYMENT_TARGET = 12.2;
				MTL_ENABLE_DEBUG_INFO = NO;
				MTL_FAST_MATH = YES;
				SDKROOT = iphoneos;
				SWIFT_COMPILATION_MODE = wholemodule;
				SWIFT_OPTIMIZATION_LEVEL = "-O";
				VALIDATE_PRODUCT = YES;
			};
			name = Release;
		};
		FE3E6887226E4C99008C8CE5 /* Debug */ = {
			isa = XCBuildConfiguration;
			buildSettings = {
				ASSETCATALOG_COMPILER_APPICON_NAME = AppIcon;
				CODE_SIGN_STYLE = Automatic;
				DEVELOPMENT_TEAM = 5DYJ7634L5;
				INFOPLIST_FILE = Platt/Info.plist;
				LD_RUNPATH_SEARCH_PATHS = (
					"$(inherited)",
					"@executable_path/Frameworks",
				);
				PRODUCT_BUNDLE_IDENTIFIER = com.designerjeans.Platt;
				PRODUCT_NAME = "$(TARGET_NAME)";
				SWIFT_VERSION = 5.0;
				TARGETED_DEVICE_FAMILY = "1,2";
			};
			name = Debug;
		};
		FE3E6888226E4C99008C8CE5 /* Release */ = {
			isa = XCBuildConfiguration;
			buildSettings = {
				ASSETCATALOG_COMPILER_APPICON_NAME = AppIcon;
				CODE_SIGN_STYLE = Automatic;
				DEVELOPMENT_TEAM = 5DYJ7634L5;
				INFOPLIST_FILE = Platt/Info.plist;
				LD_RUNPATH_SEARCH_PATHS = (
					"$(inherited)",
					"@executable_path/Frameworks",
				);
				PRODUCT_BUNDLE_IDENTIFIER = com.designerjeans.Platt;
				PRODUCT_NAME = "$(TARGET_NAME)";
				SWIFT_VERSION = 5.0;
				TARGETED_DEVICE_FAMILY = "1,2";
			};
			name = Release;
		};
/* End XCBuildConfiguration section */

/* Begin XCConfigurationList section */
		FE3E686F226E4C94008C8CE5 /* Build configuration list for PBXProject "Platt" */ = {
			isa = XCConfigurationList;
			buildConfigurations = (
				FE3E6884226E4C99008C8CE5 /* Debug */,
				FE3E6885226E4C99008C8CE5 /* Release */,
			);
			defaultConfigurationIsVisible = 0;
			defaultConfigurationName = Release;
		};
		FE3E6886226E4C99008C8CE5 /* Build configuration list for PBXNativeTarget "Platt" */ = {
			isa = XCConfigurationList;
			buildConfigurations = (
				FE3E6887226E4C99008C8CE5 /* Debug */,
				FE3E6888226E4C99008C8CE5 /* Release */,
			);
			defaultConfigurationIsVisible = 0;
			defaultConfigurationName = Release;
		};
/* End XCConfigurationList section */
	};
	rootObject = FE3E686C226E4C94008C8CE5 /* Project object */;
}
